// !$*UTF8*$!
{
	archiveVersion = 1;
	classes = {
	};
	objectVersion = 56;
	objects = {

/* Begin PBXBuildFile section */
		790A81072AAE19A700283D7E /* TaskWiseApp.swift in Sources */ = {isa = PBXBuildFile; fileRef = 790A81062AAE19A700283D7E /* TaskWiseApp.swift */; };
		790A810B2AAE19A700283D7E /* Assets.xcassets in Resources */ = {isa = PBXBuildFile; fileRef = 790A810A2AAE19A700283D7E /* Assets.xcassets */; };
		790A810E2AAE19A700283D7E /* Preview Assets.xcassets in Resources */ = {isa = PBXBuildFile; fileRef = 790A810D2AAE19A700283D7E /* Preview Assets.xcassets */; };
		790A81182AAE19A700283D7E /* TaskWiseTests.swift in Sources */ = {isa = PBXBuildFile; fileRef = 790A81172AAE19A700283D7E /* TaskWiseTests.swift */; };
		790A81222AAE19A700283D7E /* TaskWiseUITests.swift in Sources */ = {isa = PBXBuildFile; fileRef = 790A81212AAE19A700283D7E /* TaskWiseUITests.swift */; };
		790A81332AAE285A00283D7E /* Localizable.xcstrings in Resources */ = {isa = PBXBuildFile; fileRef = 790A81322AAE285A00283D7E /* Localizable.xcstrings */; };
		791F0D092ABCA6AA00B7F408 /* DayViewModel.swift in Sources */ = {isa = PBXBuildFile; fileRef = 791F0D082ABCA6AA00B7F408 /* DayViewModel.swift */; };
		791F0D0B2ABCA89100B7F408 /* DayViewModel+Mock.swift in Sources */ = {isa = PBXBuildFile; fileRef = 791F0D0A2ABCA89100B7F408 /* DayViewModel+Mock.swift */; };
		792155142AB9DB9F0044CDED /* DashboardViewModel.swift in Sources */ = {isa = PBXBuildFile; fileRef = 792155132AB9DB9F0044CDED /* DashboardViewModel.swift */; };
		792155172AB9DD710044CDED /* DashboardViewModel+Mock.swift in Sources */ = {isa = PBXBuildFile; fileRef = 792155162AB9DD710044CDED /* DashboardViewModel+Mock.swift */; };
		792155202AB9E8450044CDED /* IconButton.swift in Sources */ = {isa = PBXBuildFile; fileRef = 7921551F2AB9E8450044CDED /* IconButton.swift */; };
		795CC8EA2ABAEF3B0093C4BC /* SettingsViewModel.swift in Sources */ = {isa = PBXBuildFile; fileRef = 795CC8E92ABAEF3B0093C4BC /* SettingsViewModel.swift */; };
		795CC8EC2ABAF28A0093C4BC /* SettingsViewModel+Mock.swift in Sources */ = {isa = PBXBuildFile; fileRef = 795CC8EB2ABAF28A0093C4BC /* SettingsViewModel+Mock.swift */; };
		795CC8EE2ABAF63B0093C4BC /* TaskViewModel.swift in Sources */ = {isa = PBXBuildFile; fileRef = 795CC8ED2ABAF63B0093C4BC /* TaskViewModel.swift */; };
		795CC8F02ABAF8F70093C4BC /* TaskViewModel+Mock.swift in Sources */ = {isa = PBXBuildFile; fileRef = 795CC8EF2ABAF8F70093C4BC /* TaskViewModel+Mock.swift */; };
		79616F482AC5CD4000F4A95C /* CloudItem.swift in Sources */ = {isa = PBXBuildFile; fileRef = 79616F472AC5CD4000F4A95C /* CloudItem.swift */; };
		79616F4A2AC5CE0000F4A95C /* CloudError.swift in Sources */ = {isa = PBXBuildFile; fileRef = 79616F492AC5CE0000F4A95C /* CloudError.swift */; };
		79616F4C2AC5CE7700F4A95C /* CloudKitHandler.swift in Sources */ = {isa = PBXBuildFile; fileRef = 79616F4B2AC5CE7700F4A95C /* CloudKitHandler.swift */; };
		79616F502AC5CFED00F4A95C /* Task.swift in Sources */ = {isa = PBXBuildFile; fileRef = 79616F4F2AC5CFED00F4A95C /* Task.swift */; };
		797CA0402AD300D00093632D /* Category+Defaults.swift in Sources */ = {isa = PBXBuildFile; fileRef = 797CA03F2AD300D00093632D /* Category+Defaults.swift */; };
		797CA0442AD301120093632D /* Category+Mock.swift in Sources */ = {isa = PBXBuildFile; fileRef = 797CA0432AD301120093632D /* Category+Mock.swift */; };
		797CA0462AD3014E0093632D /* ColorComponents+Mock.swift in Sources */ = {isa = PBXBuildFile; fileRef = 797CA0452AD3014E0093632D /* ColorComponents+Mock.swift */; };
		797CA0482AD3017B0093632D /* TaskColumn+Defaults.swift in Sources */ = {isa = PBXBuildFile; fileRef = 797CA0472AD3017B0093632D /* TaskColumn+Defaults.swift */; };
		797CA04A2AD301960093632D /* TaskColumn+Mock.swift in Sources */ = {isa = PBXBuildFile; fileRef = 797CA0492AD301960093632D /* TaskColumn+Mock.swift */; };
		797CA04C2AD301CB0093632D /* Priority+Defaults.swift in Sources */ = {isa = PBXBuildFile; fileRef = 797CA04B2AD301CB0093632D /* Priority+Defaults.swift */; };
		797CA04E2AD301E30093632D /* Priority+Mock.swift in Sources */ = {isa = PBXBuildFile; fileRef = 797CA04D2AD301E30093632D /* Priority+Mock.swift */; };
		797CA0502AD301F00093632D /* Task+Mock.swift in Sources */ = {isa = PBXBuildFile; fileRef = 797CA04F2AD301F00093632D /* Task+Mock.swift */; };
		7981E4C92AC88B0500A76001 /* Priority.swift in Sources */ = {isa = PBXBuildFile; fileRef = 7981E4C82AC88B0500A76001 /* Priority.swift */; };
		7981E4CB2AC88B2500A76001 /* Category.swift in Sources */ = {isa = PBXBuildFile; fileRef = 7981E4CA2AC88B2500A76001 /* Category.swift */; };
		7981E4CD2AC88B4400A76001 /* ColorComponents.swift in Sources */ = {isa = PBXBuildFile; fileRef = 7981E4CC2AC88B4400A76001 /* ColorComponents.swift */; };
		7981E4CF2AC88B6A00A76001 /* TaskStep.swift in Sources */ = {isa = PBXBuildFile; fileRef = 7981E4CE2AC88B6A00A76001 /* TaskStep.swift */; };
		7981E4D32AC8934E00A76001 /* TaskColumn.swift in Sources */ = {isa = PBXBuildFile; fileRef = 7981E4D22AC8934E00A76001 /* TaskColumn.swift */; };
		7988A02C2AAE2EAC00C63265 /* DI.swift in Sources */ = {isa = PBXBuildFile; fileRef = 7988A02B2AAE2EAC00C63265 /* DI.swift */; };
		7988A0332AAE307E00C63265 /* Localized.swift in Sources */ = {isa = PBXBuildFile; fileRef = 7988A0322AAE307E00C63265 /* Localized.swift */; };
		7988A03C2AAE35C200C63265 /* SceneFactory.swift in Sources */ = {isa = PBXBuildFile; fileRef = 7988A0382AAE35C100C63265 /* SceneFactory.swift */; };
		7988A03D2AAE35C200C63265 /* Navigator.swift in Sources */ = {isa = PBXBuildFile; fileRef = 7988A0392AAE35C200C63265 /* Navigator.swift */; };
		7988A03E2AAE35C200C63265 /* Coordinator.swift in Sources */ = {isa = PBXBuildFile; fileRef = 7988A03A2AAE35C200C63265 /* Coordinator.swift */; };
		7988A03F2AAE35C200C63265 /* Screen.swift in Sources */ = {isa = PBXBuildFile; fileRef = 7988A03B2AAE35C200C63265 /* Screen.swift */; };
		7988A0412AAE35F600C63265 /* NetworkMonitor.swift in Sources */ = {isa = PBXBuildFile; fileRef = 7988A0402AAE35F600C63265 /* NetworkMonitor.swift */; };
		7988A04B2AAE362400C63265 /* Int+Extensions.swift in Sources */ = {isa = PBXBuildFile; fileRef = 7988A0432AAE362400C63265 /* Int+Extensions.swift */; };
		7988A04C2AAE362400C63265 /* Image+Extensions.swift in Sources */ = {isa = PBXBuildFile; fileRef = 7988A0442AAE362400C63265 /* Image+Extensions.swift */; };
		7988A04D2AAE362400C63265 /* Publisher+Extensions.swift in Sources */ = {isa = PBXBuildFile; fileRef = 7988A0452AAE362400C63265 /* Publisher+Extensions.swift */; };
		7988A04E2AAE362400C63265 /* String+Extensions.swift in Sources */ = {isa = PBXBuildFile; fileRef = 7988A0462AAE362400C63265 /* String+Extensions.swift */; };
		7988A04F2AAE362400C63265 /* CGFloat+Extensions.swift in Sources */ = {isa = PBXBuildFile; fileRef = 7988A0472AAE362400C63265 /* CGFloat+Extensions.swift */; };
		7988A0502AAE362400C63265 /* Double+Extensions.swift in Sources */ = {isa = PBXBuildFile; fileRef = 7988A0482AAE362400C63265 /* Double+Extensions.swift */; };
		7988A0512AAE362400C63265 /* PassthroughSubject+Extensions.swift in Sources */ = {isa = PBXBuildFile; fileRef = 7988A0492AAE362400C63265 /* PassthroughSubject+Extensions.swift */; };
		798B08B92AB8522D00311D93 /* ContentCoordinator.swift in Sources */ = {isa = PBXBuildFile; fileRef = 798B08B82AB8522D00311D93 /* ContentCoordinator.swift */; };
		798B08BB2AB8524800311D93 /* ContentSceneFactory.swift in Sources */ = {isa = PBXBuildFile; fileRef = 798B08BA2AB8524800311D93 /* ContentSceneFactory.swift */; };
		798B08BD2AB8525500311D93 /* ContentScreen.swift in Sources */ = {isa = PBXBuildFile; fileRef = 798B08BC2AB8525500311D93 /* ContentScreen.swift */; };
		798B08C82AB85C5000311D93 /* CalendarView.swift in Sources */ = {isa = PBXBuildFile; fileRef = 798B08C72AB85C5000311D93 /* CalendarView.swift */; };
		798B08CA2AB85C6A00311D93 /* DashboardView.swift in Sources */ = {isa = PBXBuildFile; fileRef = 798B08C92AB85C6A00311D93 /* DashboardView.swift */; };
		798B08CC2AB85C8400311D93 /* DayView.swift in Sources */ = {isa = PBXBuildFile; fileRef = 798B08CB2AB85C8400311D93 /* DayView.swift */; };
		798B08CE2AB85C9600311D93 /* SettingsView.swift in Sources */ = {isa = PBXBuildFile; fileRef = 798B08CD2AB85C9600311D93 /* SettingsView.swift */; };
		798B08D02AB85CAB00311D93 /* TaskView.swift in Sources */ = {isa = PBXBuildFile; fileRef = 798B08CF2AB85CAB00311D93 /* TaskView.swift */; };
		799D48E32ABC394400C149E3 /* CalendarViewModel+Mock.swift in Sources */ = {isa = PBXBuildFile; fileRef = 799D48E22ABC394400C149E3 /* CalendarViewModel+Mock.swift */; };
		79C16F4D2ABB4FDB00BA362B /* CheckBoxStyle.swift in Sources */ = {isa = PBXBuildFile; fileRef = 79C16F4C2ABB4FDB00BA362B /* CheckBoxStyle.swift */; };
		79C16F4F2ABB5C6B00BA362B /* CalendarViewModel.swift in Sources */ = {isa = PBXBuildFile; fileRef = 79C16F4E2ABB5C6B00BA362B /* CalendarViewModel.swift */; };
		79D9835D2ACC9260002A8222 /* AddTaskViewModel.swift in Sources */ = {isa = PBXBuildFile; fileRef = 79D9835C2ACC9260002A8222 /* AddTaskViewModel.swift */; };
		79D9835F2ACC9285002A8222 /* AddTaskView.swift in Sources */ = {isa = PBXBuildFile; fileRef = 79D9835E2ACC9285002A8222 /* AddTaskView.swift */; };
		79D983612ACC934D002A8222 /* AddTaskViewModel+Mock.swift in Sources */ = {isa = PBXBuildFile; fileRef = 79D983602ACC934D002A8222 /* AddTaskViewModel+Mock.swift */; };
		79EAF75F2AB9EC3D00FC05BE /* View+Extensions.swift in Sources */ = {isa = PBXBuildFile; fileRef = 79EAF75E2AB9EC3D00FC05BE /* View+Extensions.swift */; };
		7A9A901567717541BBD96A02 /* Pods_TaskWise.framework in Frameworks */ = {isa = PBXBuildFile; fileRef = DAD32EFC3A22C26F3A0A07A5 /* Pods_TaskWise.framework */; };
		7FC2DAEE3DB409238E5DA726 /* libPods-TaskWiseTests.a in Frameworks */ = {isa = PBXBuildFile; fileRef = 6A6A56D56A0816CFDB820555 /* libPods-TaskWiseTests.a */; };
/* End PBXBuildFile section */

/* Begin PBXContainerItemProxy section */
		790A81142AAE19A700283D7E /* PBXContainerItemProxy */ = {
			isa = PBXContainerItemProxy;
			containerPortal = 790A80FB2AAE19A600283D7E /* Project object */;
			proxyType = 1;
			remoteGlobalIDString = 790A81022AAE19A600283D7E;
			remoteInfo = TaskWise;
		};
		790A811E2AAE19A700283D7E /* PBXContainerItemProxy */ = {
			isa = PBXContainerItemProxy;
			containerPortal = 790A80FB2AAE19A600283D7E /* Project object */;
			proxyType = 1;
			remoteGlobalIDString = 790A81022AAE19A600283D7E;
			remoteInfo = TaskWise;
		};
/* End PBXContainerItemProxy section */

/* Begin PBXFileReference section */
		6A6A56D56A0816CFDB820555 /* libPods-TaskWiseTests.a */ = {isa = PBXFileReference; explicitFileType = archive.ar; includeInIndex = 0; path = "libPods-TaskWiseTests.a"; sourceTree = BUILT_PRODUCTS_DIR; };
		790A81032AAE19A700283D7E /* TaskWise.app */ = {isa = PBXFileReference; explicitFileType = wrapper.application; includeInIndex = 0; path = TaskWise.app; sourceTree = BUILT_PRODUCTS_DIR; };
		790A81062AAE19A700283D7E /* TaskWiseApp.swift */ = {isa = PBXFileReference; lastKnownFileType = sourcecode.swift; path = TaskWiseApp.swift; sourceTree = "<group>"; };
		790A810A2AAE19A700283D7E /* Assets.xcassets */ = {isa = PBXFileReference; lastKnownFileType = folder.assetcatalog; path = Assets.xcassets; sourceTree = "<group>"; };
		790A810D2AAE19A700283D7E /* Preview Assets.xcassets */ = {isa = PBXFileReference; lastKnownFileType = folder.assetcatalog; path = "Preview Assets.xcassets"; sourceTree = "<group>"; };
		790A81132AAE19A700283D7E /* TaskWiseTests.xctest */ = {isa = PBXFileReference; explicitFileType = wrapper.cfbundle; includeInIndex = 0; path = TaskWiseTests.xctest; sourceTree = BUILT_PRODUCTS_DIR; };
		790A81172AAE19A700283D7E /* TaskWiseTests.swift */ = {isa = PBXFileReference; lastKnownFileType = sourcecode.swift; path = TaskWiseTests.swift; sourceTree = "<group>"; };
		790A811D2AAE19A700283D7E /* TaskWiseUITests.xctest */ = {isa = PBXFileReference; explicitFileType = wrapper.cfbundle; includeInIndex = 0; path = TaskWiseUITests.xctest; sourceTree = BUILT_PRODUCTS_DIR; };
		790A81212AAE19A700283D7E /* TaskWiseUITests.swift */ = {isa = PBXFileReference; lastKnownFileType = sourcecode.swift; path = TaskWiseUITests.swift; sourceTree = "<group>"; };
		790A81322AAE285A00283D7E /* Localizable.xcstrings */ = {isa = PBXFileReference; lastKnownFileType = text.json.xcstrings; path = Localizable.xcstrings; sourceTree = "<group>"; };
		791F0D082ABCA6AA00B7F408 /* DayViewModel.swift */ = {isa = PBXFileReference; lastKnownFileType = sourcecode.swift; path = DayViewModel.swift; sourceTree = "<group>"; };
		791F0D0A2ABCA89100B7F408 /* DayViewModel+Mock.swift */ = {isa = PBXFileReference; lastKnownFileType = sourcecode.swift; path = "DayViewModel+Mock.swift"; sourceTree = "<group>"; };
		792155132AB9DB9F0044CDED /* DashboardViewModel.swift */ = {isa = PBXFileReference; lastKnownFileType = sourcecode.swift; path = DashboardViewModel.swift; sourceTree = "<group>"; };
		792155162AB9DD710044CDED /* DashboardViewModel+Mock.swift */ = {isa = PBXFileReference; lastKnownFileType = sourcecode.swift; path = "DashboardViewModel+Mock.swift"; sourceTree = "<group>"; };
		7921551F2AB9E8450044CDED /* IconButton.swift */ = {isa = PBXFileReference; lastKnownFileType = sourcecode.swift; path = IconButton.swift; sourceTree = "<group>"; };
		795CC8E92ABAEF3B0093C4BC /* SettingsViewModel.swift */ = {isa = PBXFileReference; lastKnownFileType = sourcecode.swift; path = SettingsViewModel.swift; sourceTree = "<group>"; };
		795CC8EB2ABAF28A0093C4BC /* SettingsViewModel+Mock.swift */ = {isa = PBXFileReference; lastKnownFileType = sourcecode.swift; path = "SettingsViewModel+Mock.swift"; sourceTree = "<group>"; };
		795CC8ED2ABAF63B0093C4BC /* TaskViewModel.swift */ = {isa = PBXFileReference; lastKnownFileType = sourcecode.swift; path = TaskViewModel.swift; sourceTree = "<group>"; };
		795CC8EF2ABAF8F70093C4BC /* TaskViewModel+Mock.swift */ = {isa = PBXFileReference; lastKnownFileType = sourcecode.swift; path = "TaskViewModel+Mock.swift"; sourceTree = "<group>"; };
		795F70D82AC456B400C556C9 /* TaskWise.entitlements */ = {isa = PBXFileReference; lastKnownFileType = text.plist.entitlements; path = TaskWise.entitlements; sourceTree = "<group>"; };
		79616F472AC5CD4000F4A95C /* CloudItem.swift */ = {isa = PBXFileReference; lastKnownFileType = sourcecode.swift; path = CloudItem.swift; sourceTree = "<group>"; };
		79616F492AC5CE0000F4A95C /* CloudError.swift */ = {isa = PBXFileReference; lastKnownFileType = sourcecode.swift; path = CloudError.swift; sourceTree = "<group>"; };
		79616F4B2AC5CE7700F4A95C /* CloudKitHandler.swift */ = {isa = PBXFileReference; lastKnownFileType = sourcecode.swift; path = CloudKitHandler.swift; sourceTree = "<group>"; };
		79616F4F2AC5CFED00F4A95C /* Task.swift */ = {isa = PBXFileReference; lastKnownFileType = sourcecode.swift; path = Task.swift; sourceTree = "<group>"; };
		797CA03F2AD300D00093632D /* Category+Defaults.swift */ = {isa = PBXFileReference; lastKnownFileType = sourcecode.swift; path = "Category+Defaults.swift"; sourceTree = "<group>"; };
		797CA0432AD301120093632D /* Category+Mock.swift */ = {isa = PBXFileReference; lastKnownFileType = sourcecode.swift; path = "Category+Mock.swift"; sourceTree = "<group>"; };
		797CA0452AD3014E0093632D /* ColorComponents+Mock.swift */ = {isa = PBXFileReference; lastKnownFileType = sourcecode.swift; path = "ColorComponents+Mock.swift"; sourceTree = "<group>"; };
		797CA0472AD3017B0093632D /* TaskColumn+Defaults.swift */ = {isa = PBXFileReference; lastKnownFileType = sourcecode.swift; path = "TaskColumn+Defaults.swift"; sourceTree = "<group>"; };
		797CA0492AD301960093632D /* TaskColumn+Mock.swift */ = {isa = PBXFileReference; lastKnownFileType = sourcecode.swift; path = "TaskColumn+Mock.swift"; sourceTree = "<group>"; };
		797CA04B2AD301CB0093632D /* Priority+Defaults.swift */ = {isa = PBXFileReference; lastKnownFileType = sourcecode.swift; path = "Priority+Defaults.swift"; sourceTree = "<group>"; };
		797CA04D2AD301E30093632D /* Priority+Mock.swift */ = {isa = PBXFileReference; lastKnownFileType = sourcecode.swift; path = "Priority+Mock.swift"; sourceTree = "<group>"; };
		797CA04F2AD301F00093632D /* Task+Mock.swift */ = {isa = PBXFileReference; lastKnownFileType = sourcecode.swift; path = "Task+Mock.swift"; sourceTree = "<group>"; };
		7981E4C82AC88B0500A76001 /* Priority.swift */ = {isa = PBXFileReference; lastKnownFileType = sourcecode.swift; path = Priority.swift; sourceTree = "<group>"; };
		7981E4CA2AC88B2500A76001 /* Category.swift */ = {isa = PBXFileReference; lastKnownFileType = sourcecode.swift; path = Category.swift; sourceTree = "<group>"; };
		7981E4CC2AC88B4400A76001 /* ColorComponents.swift */ = {isa = PBXFileReference; lastKnownFileType = sourcecode.swift; path = ColorComponents.swift; sourceTree = "<group>"; };
		7981E4CE2AC88B6A00A76001 /* TaskStep.swift */ = {isa = PBXFileReference; lastKnownFileType = sourcecode.swift; path = TaskStep.swift; sourceTree = "<group>"; };
		7981E4D22AC8934E00A76001 /* TaskColumn.swift */ = {isa = PBXFileReference; lastKnownFileType = sourcecode.swift; path = TaskColumn.swift; sourceTree = "<group>"; };
		7988A02B2AAE2EAC00C63265 /* DI.swift */ = {isa = PBXFileReference; lastKnownFileType = sourcecode.swift; path = DI.swift; sourceTree = "<group>"; };
		7988A0322AAE307E00C63265 /* Localized.swift */ = {isa = PBXFileReference; fileEncoding = 4; lastKnownFileType = sourcecode.swift; path = Localized.swift; sourceTree = "<group>"; };
		7988A0382AAE35C100C63265 /* SceneFactory.swift */ = {isa = PBXFileReference; fileEncoding = 4; lastKnownFileType = sourcecode.swift; path = SceneFactory.swift; sourceTree = "<group>"; };
		7988A0392AAE35C200C63265 /* Navigator.swift */ = {isa = PBXFileReference; fileEncoding = 4; lastKnownFileType = sourcecode.swift; path = Navigator.swift; sourceTree = "<group>"; };
		7988A03A2AAE35C200C63265 /* Coordinator.swift */ = {isa = PBXFileReference; fileEncoding = 4; lastKnownFileType = sourcecode.swift; path = Coordinator.swift; sourceTree = "<group>"; };
		7988A03B2AAE35C200C63265 /* Screen.swift */ = {isa = PBXFileReference; fileEncoding = 4; lastKnownFileType = sourcecode.swift; path = Screen.swift; sourceTree = "<group>"; };
		7988A0402AAE35F600C63265 /* NetworkMonitor.swift */ = {isa = PBXFileReference; fileEncoding = 4; lastKnownFileType = sourcecode.swift; path = NetworkMonitor.swift; sourceTree = "<group>"; };
		7988A0432AAE362400C63265 /* Int+Extensions.swift */ = {isa = PBXFileReference; fileEncoding = 4; lastKnownFileType = sourcecode.swift; path = "Int+Extensions.swift"; sourceTree = "<group>"; };
		7988A0442AAE362400C63265 /* Image+Extensions.swift */ = {isa = PBXFileReference; fileEncoding = 4; lastKnownFileType = sourcecode.swift; path = "Image+Extensions.swift"; sourceTree = "<group>"; };
		7988A0452AAE362400C63265 /* Publisher+Extensions.swift */ = {isa = PBXFileReference; fileEncoding = 4; lastKnownFileType = sourcecode.swift; path = "Publisher+Extensions.swift"; sourceTree = "<group>"; };
		7988A0462AAE362400C63265 /* String+Extensions.swift */ = {isa = PBXFileReference; fileEncoding = 4; lastKnownFileType = sourcecode.swift; path = "String+Extensions.swift"; sourceTree = "<group>"; };
		7988A0472AAE362400C63265 /* CGFloat+Extensions.swift */ = {isa = PBXFileReference; fileEncoding = 4; lastKnownFileType = sourcecode.swift; path = "CGFloat+Extensions.swift"; sourceTree = "<group>"; };
		7988A0482AAE362400C63265 /* Double+Extensions.swift */ = {isa = PBXFileReference; fileEncoding = 4; lastKnownFileType = sourcecode.swift; path = "Double+Extensions.swift"; sourceTree = "<group>"; };
		7988A0492AAE362400C63265 /* PassthroughSubject+Extensions.swift */ = {isa = PBXFileReference; fileEncoding = 4; lastKnownFileType = sourcecode.swift; path = "PassthroughSubject+Extensions.swift"; sourceTree = "<group>"; };
		798B08B82AB8522D00311D93 /* ContentCoordinator.swift */ = {isa = PBXFileReference; lastKnownFileType = sourcecode.swift; path = ContentCoordinator.swift; sourceTree = "<group>"; };
		798B08BA2AB8524800311D93 /* ContentSceneFactory.swift */ = {isa = PBXFileReference; lastKnownFileType = sourcecode.swift; path = ContentSceneFactory.swift; sourceTree = "<group>"; };
		798B08BC2AB8525500311D93 /* ContentScreen.swift */ = {isa = PBXFileReference; lastKnownFileType = sourcecode.swift; path = ContentScreen.swift; sourceTree = "<group>"; };
		798B08C72AB85C5000311D93 /* CalendarView.swift */ = {isa = PBXFileReference; lastKnownFileType = sourcecode.swift; path = CalendarView.swift; sourceTree = "<group>"; };
		798B08C92AB85C6A00311D93 /* DashboardView.swift */ = {isa = PBXFileReference; lastKnownFileType = sourcecode.swift; path = DashboardView.swift; sourceTree = "<group>"; };
		798B08CB2AB85C8400311D93 /* DayView.swift */ = {isa = PBXFileReference; lastKnownFileType = sourcecode.swift; path = DayView.swift; sourceTree = "<group>"; };
		798B08CD2AB85C9600311D93 /* SettingsView.swift */ = {isa = PBXFileReference; lastKnownFileType = sourcecode.swift; path = SettingsView.swift; sourceTree = "<group>"; };
		798B08CF2AB85CAB00311D93 /* TaskView.swift */ = {isa = PBXFileReference; lastKnownFileType = sourcecode.swift; path = TaskView.swift; sourceTree = "<group>"; };
		799D48E22ABC394400C149E3 /* CalendarViewModel+Mock.swift */ = {isa = PBXFileReference; lastKnownFileType = sourcecode.swift; path = "CalendarViewModel+Mock.swift"; sourceTree = "<group>"; };
		79C16F4C2ABB4FDB00BA362B /* CheckBoxStyle.swift */ = {isa = PBXFileReference; lastKnownFileType = sourcecode.swift; path = CheckBoxStyle.swift; sourceTree = "<group>"; };
		79C16F4E2ABB5C6B00BA362B /* CalendarViewModel.swift */ = {isa = PBXFileReference; lastKnownFileType = sourcecode.swift; path = CalendarViewModel.swift; sourceTree = "<group>"; };
		79C1B36B2AC9982C00BDCC6D /* Info.plist */ = {isa = PBXFileReference; lastKnownFileType = text.plist; path = Info.plist; sourceTree = "<group>"; };
		79D9835C2ACC9260002A8222 /* AddTaskViewModel.swift */ = {isa = PBXFileReference; lastKnownFileType = sourcecode.swift; path = AddTaskViewModel.swift; sourceTree = "<group>"; };
		79D9835E2ACC9285002A8222 /* AddTaskView.swift */ = {isa = PBXFileReference; lastKnownFileType = sourcecode.swift; path = AddTaskView.swift; sourceTree = "<group>"; };
		79D983602ACC934D002A8222 /* AddTaskViewModel+Mock.swift */ = {isa = PBXFileReference; lastKnownFileType = sourcecode.swift; path = "AddTaskViewModel+Mock.swift"; sourceTree = "<group>"; };
		79EAF75E2AB9EC3D00FC05BE /* View+Extensions.swift */ = {isa = PBXFileReference; lastKnownFileType = sourcecode.swift; path = "View+Extensions.swift"; sourceTree = "<group>"; };
		91C2B2216449795E4EF13BE8 /* Pods-TaskWise.debug.xcconfig */ = {isa = PBXFileReference; includeInIndex = 1; lastKnownFileType = text.xcconfig; name = "Pods-TaskWise.debug.xcconfig"; path = "Target Support Files/Pods-TaskWise/Pods-TaskWise.debug.xcconfig"; sourceTree = "<group>"; };
		982159FDF24FAD927584113A /* Pods-TaskWiseTests.debug.xcconfig */ = {isa = PBXFileReference; includeInIndex = 1; lastKnownFileType = text.xcconfig; name = "Pods-TaskWiseTests.debug.xcconfig"; path = "Target Support Files/Pods-TaskWiseTests/Pods-TaskWiseTests.debug.xcconfig"; sourceTree = "<group>"; };
		A9790524961B82E82E6F6AD5 /* Pods-TaskWise.release.xcconfig */ = {isa = PBXFileReference; includeInIndex = 1; lastKnownFileType = text.xcconfig; name = "Pods-TaskWise.release.xcconfig"; path = "Target Support Files/Pods-TaskWise/Pods-TaskWise.release.xcconfig"; sourceTree = "<group>"; };
		DAD32EFC3A22C26F3A0A07A5 /* Pods_TaskWise.framework */ = {isa = PBXFileReference; explicitFileType = wrapper.framework; includeInIndex = 0; path = Pods_TaskWise.framework; sourceTree = BUILT_PRODUCTS_DIR; };
		E56C80BB80154BCA4A77A454 /* Pods-TaskWiseTests.release.xcconfig */ = {isa = PBXFileReference; includeInIndex = 1; lastKnownFileType = text.xcconfig; name = "Pods-TaskWiseTests.release.xcconfig"; path = "Target Support Files/Pods-TaskWiseTests/Pods-TaskWiseTests.release.xcconfig"; sourceTree = "<group>"; };
/* End PBXFileReference section */

/* Begin PBXFrameworksBuildPhase section */
		790A81002AAE19A600283D7E /* Frameworks */ = {
			isa = PBXFrameworksBuildPhase;
			buildActionMask = 2147483647;
			files = (
				7A9A901567717541BBD96A02 /* Pods_TaskWise.framework in Frameworks */,
			);
			runOnlyForDeploymentPostprocessing = 0;
		};
		790A81102AAE19A700283D7E /* Frameworks */ = {
			isa = PBXFrameworksBuildPhase;
			buildActionMask = 2147483647;
			files = (
				7FC2DAEE3DB409238E5DA726 /* libPods-TaskWiseTests.a in Frameworks */,
			);
			runOnlyForDeploymentPostprocessing = 0;
		};
		790A811A2AAE19A700283D7E /* Frameworks */ = {
			isa = PBXFrameworksBuildPhase;
			buildActionMask = 2147483647;
			files = (
			);
			runOnlyForDeploymentPostprocessing = 0;
		};
/* End PBXFrameworksBuildPhase section */

/* Begin PBXGroup section */
		3E1D43BFCC87103E28E2DDD6 /* Pods */ = {
			isa = PBXGroup;
			children = (
				91C2B2216449795E4EF13BE8 /* Pods-TaskWise.debug.xcconfig */,
				A9790524961B82E82E6F6AD5 /* Pods-TaskWise.release.xcconfig */,
				982159FDF24FAD927584113A /* Pods-TaskWiseTests.debug.xcconfig */,
				E56C80BB80154BCA4A77A454 /* Pods-TaskWiseTests.release.xcconfig */,
			);
			path = Pods;
			sourceTree = "<group>";
		};
		790A80FA2AAE19A600283D7E = {
			isa = PBXGroup;
			children = (
				790A81052AAE19A700283D7E /* TaskWise */,
				790A81162AAE19A700283D7E /* TaskWiseTests */,
				790A81202AAE19A700283D7E /* TaskWiseUITests */,
				790A81042AAE19A700283D7E /* Products */,
				3E1D43BFCC87103E28E2DDD6 /* Pods */,
				8CEBAA51A4C881F8694DD290 /* Frameworks */,
			);
			sourceTree = "<group>";
		};
		790A81042AAE19A700283D7E /* Products */ = {
			isa = PBXGroup;
			children = (
				790A81032AAE19A700283D7E /* TaskWise.app */,
				790A81132AAE19A700283D7E /* TaskWiseTests.xctest */,
				790A811D2AAE19A700283D7E /* TaskWiseUITests.xctest */,
			);
			name = Products;
			sourceTree = "<group>";
		};
		790A81052AAE19A700283D7E /* TaskWise */ = {
			isa = PBXGroup;
			children = (
				795F70D82AC456B400C556C9 /* TaskWise.entitlements */,
				79C1B36B2AC9982C00BDCC6D /* Info.plist */,
				7988A02D2AAE2F7A00C63265 /* App */,
				7988A0532AAE386F00C63265 /* Core */,
				7988A02E2AAE2F8400C63265 /* DI */,
				79616F4D2AC5CEB800F4A95C /* Domain */,
				798B08B72AB8516F00311D93 /* Navigation */,
				790A810C2AAE19A700283D7E /* Preview Content */,
				790A81312AAE282800283D7E /* Resources */,
				7988A0342AAE310700C63265 /* Scene */,
				795F70D92AC458F800C556C9 /* Service */,
			);
			path = TaskWise;
			sourceTree = "<group>";
		};
		790A810C2AAE19A700283D7E /* Preview Content */ = {
			isa = PBXGroup;
			children = (
				790A810D2AAE19A700283D7E /* Preview Assets.xcassets */,
			);
			path = "Preview Content";
			sourceTree = "<group>";
		};
		790A81162AAE19A700283D7E /* TaskWiseTests */ = {
			isa = PBXGroup;
			children = (
				790A81172AAE19A700283D7E /* TaskWiseTests.swift */,
			);
			path = TaskWiseTests;
			sourceTree = "<group>";
		};
		790A81202AAE19A700283D7E /* TaskWiseUITests */ = {
			isa = PBXGroup;
			children = (
				790A81212AAE19A700283D7E /* TaskWiseUITests.swift */,
			);
			path = TaskWiseUITests;
			sourceTree = "<group>";
		};
		790A81312AAE282800283D7E /* Resources */ = {
			isa = PBXGroup;
			children = (
				7988A0312AAE2FD100C63265 /* Assets */,
				7921551B2AB9E80C0044CDED /* Components */,
				7988A02F2AAE2FB100C63265 /* Generated */,
				7988A0302AAE2FC600C63265 /* Localizable */,
				792155152AB9DCC60044CDED /* Mock */,
				79C16F4B2ABB4FB600BA362B /* Styles */,
			);
			path = Resources;
			sourceTree = "<group>";
		};
		792155152AB9DCC60044CDED /* Mock */ = {
			isa = PBXGroup;
			children = (
				797CA0412AD300EE0093632D /* Domain */,
				797CA0422AD300F40093632D /* ViewModel */,
			);
			path = Mock;
			sourceTree = "<group>";
		};
		7921551B2AB9E80C0044CDED /* Components */ = {
			isa = PBXGroup;
			children = (
				7921551E2AB9E8360044CDED /* IconButton */,
			);
			path = Components;
			sourceTree = "<group>";
		};
		7921551E2AB9E8360044CDED /* IconButton */ = {
			isa = PBXGroup;
			children = (
				7921551F2AB9E8450044CDED /* IconButton.swift */,
			);
			path = IconButton;
			sourceTree = "<group>";
		};
		795F70D92AC458F800C556C9 /* Service */ = {
			isa = PBXGroup;
			children = (
			);
			path = Service;
			sourceTree = "<group>";
		};
		79616F462AC5CD2600F4A95C /* ICloud */ = {
			isa = PBXGroup;
			children = (
				79616F492AC5CE0000F4A95C /* CloudError.swift */,
				79616F472AC5CD4000F4A95C /* CloudItem.swift */,
				79616F4B2AC5CE7700F4A95C /* CloudKitHandler.swift */,
			);
			path = ICloud;
			sourceTree = "<group>";
		};
		79616F4D2AC5CEB800F4A95C /* Domain */ = {
			isa = PBXGroup;
			children = (
				797CA0392AD300510093632D /* Category */,
				797CA03A2AD3005C0093632D /* ColorComponents */,
				797CA03D2AD3008D0093632D /* Column */,
				797CA03B2AD300770093632D /* Priority */,
				797CA03E2AD300950093632D /* Step */,
				797CA03C2AD300850093632D /* Task */,
			);
			path = Domain;
			sourceTree = "<group>";
		};
		797CA0392AD300510093632D /* Category */ = {
			isa = PBXGroup;
			children = (
				7981E4CA2AC88B2500A76001 /* Category.swift */,
				797CA03F2AD300D00093632D /* Category+Defaults.swift */,
			);
			path = Category;
			sourceTree = "<group>";
		};
		797CA03A2AD3005C0093632D /* ColorComponents */ = {
			isa = PBXGroup;
			children = (
				7981E4CC2AC88B4400A76001 /* ColorComponents.swift */,
			);
			path = ColorComponents;
			sourceTree = "<group>";
		};
		797CA03B2AD300770093632D /* Priority */ = {
			isa = PBXGroup;
			children = (
				7981E4C82AC88B0500A76001 /* Priority.swift */,
				797CA04B2AD301CB0093632D /* Priority+Defaults.swift */,
			);
			path = Priority;
			sourceTree = "<group>";
		};
		797CA03C2AD300850093632D /* Task */ = {
			isa = PBXGroup;
			children = (
				79616F4F2AC5CFED00F4A95C /* Task.swift */,
			);
			path = Task;
			sourceTree = "<group>";
		};
		797CA03D2AD3008D0093632D /* Column */ = {
			isa = PBXGroup;
			children = (
				7981E4D22AC8934E00A76001 /* TaskColumn.swift */,
				797CA0472AD3017B0093632D /* TaskColumn+Defaults.swift */,
			);
			path = Column;
			sourceTree = "<group>";
		};
		797CA03E2AD300950093632D /* Step */ = {
			isa = PBXGroup;
			children = (
				7981E4CE2AC88B6A00A76001 /* TaskStep.swift */,
			);
			path = Step;
			sourceTree = "<group>";
		};
		797CA0412AD300EE0093632D /* Domain */ = {
			isa = PBXGroup;
			children = (
				797CA0432AD301120093632D /* Category+Mock.swift */,
				797CA0452AD3014E0093632D /* ColorComponents+Mock.swift */,
				797CA04D2AD301E30093632D /* Priority+Mock.swift */,
				797CA04F2AD301F00093632D /* Task+Mock.swift */,
				797CA0492AD301960093632D /* TaskColumn+Mock.swift */,
			);
			path = Domain;
			sourceTree = "<group>";
		};
		797CA0422AD300F40093632D /* ViewModel */ = {
			isa = PBXGroup;
			children = (
				79D983602ACC934D002A8222 /* AddTaskViewModel+Mock.swift */,
				799D48E22ABC394400C149E3 /* CalendarViewModel+Mock.swift */,
				792155162AB9DD710044CDED /* DashboardViewModel+Mock.swift */,
				791F0D0A2ABCA89100B7F408 /* DayViewModel+Mock.swift */,
				795CC8EB2ABAF28A0093C4BC /* SettingsViewModel+Mock.swift */,
				795CC8EF2ABAF8F70093C4BC /* TaskViewModel+Mock.swift */,
			);
			path = ViewModel;
			sourceTree = "<group>";
		};
		7988A02D2AAE2F7A00C63265 /* App */ = {
			isa = PBXGroup;
			children = (
				790A81062AAE19A700283D7E /* TaskWiseApp.swift */,
			);
			path = App;
			sourceTree = "<group>";
		};
		7988A02E2AAE2F8400C63265 /* DI */ = {
			isa = PBXGroup;
			children = (
				7988A02B2AAE2EAC00C63265 /* DI.swift */,
			);
			path = DI;
			sourceTree = "<group>";
		};
		7988A02F2AAE2FB100C63265 /* Generated */ = {
			isa = PBXGroup;
			children = (
				7988A0322AAE307E00C63265 /* Localized.swift */,
			);
			path = Generated;
			sourceTree = "<group>";
		};
		7988A0302AAE2FC600C63265 /* Localizable */ = {
			isa = PBXGroup;
			children = (
				790A81322AAE285A00283D7E /* Localizable.xcstrings */,
			);
			path = Localizable;
			sourceTree = "<group>";
		};
		7988A0312AAE2FD100C63265 /* Assets */ = {
			isa = PBXGroup;
			children = (
				790A810A2AAE19A700283D7E /* Assets.xcassets */,
			);
			path = Assets;
			sourceTree = "<group>";
		};
		7988A0342AAE310700C63265 /* Scene */ = {
			isa = PBXGroup;
			children = (
				79D9835B2ACC924F002A8222 /* AddTask */,
				798B08C62AB85C1000311D93 /* Calendar */,
				798B08C22AB85B9500311D93 /* Dashboard */,
				798B08C52AB85C0500311D93 /* Day */,
				798B08C32AB85BF700311D93 /* Settings */,
				798B08C42AB85BFF00311D93 /* Task */,
			);
			path = Scene;
			sourceTree = "<group>";
		};
		7988A0352AAE352C00C63265 /* Navigation */ = {
			isa = PBXGroup;
			children = (
				7988A03A2AAE35C200C63265 /* Coordinator.swift */,
				7988A0392AAE35C200C63265 /* Navigator.swift */,
				7988A0382AAE35C100C63265 /* SceneFactory.swift */,
				7988A03B2AAE35C200C63265 /* Screen.swift */,
			);
			path = Navigation;
			sourceTree = "<group>";
		};
		7988A0372AAE357600C63265 /* Network */ = {
			isa = PBXGroup;
			children = (
				7988A0402AAE35F600C63265 /* NetworkMonitor.swift */,
			);
			path = Network;
			sourceTree = "<group>";
		};
		7988A0422AAE361400C63265 /* Extensions */ = {
			isa = PBXGroup;
			children = (
				7988A0472AAE362400C63265 /* CGFloat+Extensions.swift */,
				7988A0482AAE362400C63265 /* Double+Extensions.swift */,
				7988A0442AAE362400C63265 /* Image+Extensions.swift */,
				7988A0432AAE362400C63265 /* Int+Extensions.swift */,
				7988A0492AAE362400C63265 /* PassthroughSubject+Extensions.swift */,
				7988A0452AAE362400C63265 /* Publisher+Extensions.swift */,
				7988A0462AAE362400C63265 /* String+Extensions.swift */,
				79EAF75E2AB9EC3D00FC05BE /* View+Extensions.swift */,
			);
			path = Extensions;
			sourceTree = "<group>";
		};
		7988A0532AAE386F00C63265 /* Core */ = {
			isa = PBXGroup;
			children = (
				7988A0422AAE361400C63265 /* Extensions */,
				79616F462AC5CD2600F4A95C /* ICloud */,
				7988A0352AAE352C00C63265 /* Navigation */,
				7988A0372AAE357600C63265 /* Network */,
			);
			path = Core;
			sourceTree = "<group>";
		};
		798B08B72AB8516F00311D93 /* Navigation */ = {
			isa = PBXGroup;
			children = (
				798B08B82AB8522D00311D93 /* ContentCoordinator.swift */,
				798B08BA2AB8524800311D93 /* ContentSceneFactory.swift */,
				798B08BC2AB8525500311D93 /* ContentScreen.swift */,
			);
			path = Navigation;
			sourceTree = "<group>";
		};
		798B08C22AB85B9500311D93 /* Dashboard */ = {
			isa = PBXGroup;
			children = (
				798B08C92AB85C6A00311D93 /* DashboardView.swift */,
				792155132AB9DB9F0044CDED /* DashboardViewModel.swift */,
			);
			path = Dashboard;
			sourceTree = "<group>";
		};
		798B08C32AB85BF700311D93 /* Settings */ = {
			isa = PBXGroup;
			children = (
				798B08CD2AB85C9600311D93 /* SettingsView.swift */,
				795CC8E92ABAEF3B0093C4BC /* SettingsViewModel.swift */,
			);
			path = Settings;
			sourceTree = "<group>";
		};
		798B08C42AB85BFF00311D93 /* Task */ = {
			isa = PBXGroup;
			children = (
				798B08CF2AB85CAB00311D93 /* TaskView.swift */,
				795CC8ED2ABAF63B0093C4BC /* TaskViewModel.swift */,
			);
			path = Task;
			sourceTree = "<group>";
		};
		798B08C52AB85C0500311D93 /* Day */ = {
			isa = PBXGroup;
			children = (
				798B08CB2AB85C8400311D93 /* DayView.swift */,
				791F0D082ABCA6AA00B7F408 /* DayViewModel.swift */,
			);
			path = Day;
			sourceTree = "<group>";
		};
		798B08C62AB85C1000311D93 /* Calendar */ = {
			isa = PBXGroup;
			children = (
				798B08C72AB85C5000311D93 /* CalendarView.swift */,
				79C16F4E2ABB5C6B00BA362B /* CalendarViewModel.swift */,
			);
			path = Calendar;
			sourceTree = "<group>";
		};
		79C16F4B2ABB4FB600BA362B /* Styles */ = {
			isa = PBXGroup;
			children = (
				79C16F4C2ABB4FDB00BA362B /* CheckBoxStyle.swift */,
			);
			path = Styles;
			sourceTree = "<group>";
		};
		79D9835B2ACC924F002A8222 /* AddTask */ = {
			isa = PBXGroup;
			children = (
				79D9835E2ACC9285002A8222 /* AddTaskView.swift */,
				79D9835C2ACC9260002A8222 /* AddTaskViewModel.swift */,
			);
			path = AddTask;
			sourceTree = "<group>";
		};
		8CEBAA51A4C881F8694DD290 /* Frameworks */ = {
			isa = PBXGroup;
			children = (
				DAD32EFC3A22C26F3A0A07A5 /* Pods_TaskWise.framework */,
				6A6A56D56A0816CFDB820555 /* libPods-TaskWiseTests.a */,
			);
			name = Frameworks;
			sourceTree = "<group>";
		};
/* End PBXGroup section */

/* Begin PBXNativeTarget section */
		790A81022AAE19A600283D7E /* TaskWise */ = {
			isa = PBXNativeTarget;
			buildConfigurationList = 790A81272AAE19A700283D7E /* Build configuration list for PBXNativeTarget "TaskWise" */;
			buildPhases = (
				3CC7A2FEB40B39D088A243F9 /* [CP] Check Pods Manifest.lock */,
				790A81352AAE2BF100283D7E /* SwiftGen */,
				790A81302AAE223900283D7E /* SwiftLint */,
				790A80FF2AAE19A600283D7E /* Sources */,
				790A81002AAE19A600283D7E /* Frameworks */,
				790A81012AAE19A600283D7E /* Resources */,
				1B6ACB8A8EAA192F86738476 /* [CP] Embed Pods Frameworks */,
			);
			buildRules = (
			);
			dependencies = (
			);
			name = TaskWise;
			productName = TaskWise;
			productReference = 790A81032AAE19A700283D7E /* TaskWise.app */;
			productType = "com.apple.product-type.application";
		};
		790A81122AAE19A700283D7E /* TaskWiseTests */ = {
			isa = PBXNativeTarget;
			buildConfigurationList = 790A812A2AAE19A700283D7E /* Build configuration list for PBXNativeTarget "TaskWiseTests" */;
			buildPhases = (
				80CA417FE7CAA5314BE9DC95 /* [CP] Check Pods Manifest.lock */,
				790A810F2AAE19A700283D7E /* Sources */,
				790A81102AAE19A700283D7E /* Frameworks */,
				790A81112AAE19A700283D7E /* Resources */,
			);
			buildRules = (
			);
			dependencies = (
				790A81152AAE19A700283D7E /* PBXTargetDependency */,
			);
			name = TaskWiseTests;
			productName = TaskWiseTests;
			productReference = 790A81132AAE19A700283D7E /* TaskWiseTests.xctest */;
			productType = "com.apple.product-type.bundle.unit-test";
		};
		790A811C2AAE19A700283D7E /* TaskWiseUITests */ = {
			isa = PBXNativeTarget;
			buildConfigurationList = 790A812D2AAE19A700283D7E /* Build configuration list for PBXNativeTarget "TaskWiseUITests" */;
			buildPhases = (
				790A81192AAE19A700283D7E /* Sources */,
				790A811A2AAE19A700283D7E /* Frameworks */,
				790A811B2AAE19A700283D7E /* Resources */,
			);
			buildRules = (
			);
			dependencies = (
				790A811F2AAE19A700283D7E /* PBXTargetDependency */,
			);
			name = TaskWiseUITests;
			productName = TaskWiseUITests;
			productReference = 790A811D2AAE19A700283D7E /* TaskWiseUITests.xctest */;
			productType = "com.apple.product-type.bundle.ui-testing";
		};
/* End PBXNativeTarget section */

/* Begin PBXProject section */
		790A80FB2AAE19A600283D7E /* Project object */ = {
			isa = PBXProject;
			attributes = {
				BuildIndependentTargetsInParallel = 1;
				LastSwiftUpdateCheck = 1500;
				LastUpgradeCheck = 1500;
				TargetAttributes = {
					790A81022AAE19A600283D7E = {
						CreatedOnToolsVersion = 15.0;
					};
					790A81122AAE19A700283D7E = {
						CreatedOnToolsVersion = 15.0;
						TestTargetID = 790A81022AAE19A600283D7E;
					};
					790A811C2AAE19A700283D7E = {
						CreatedOnToolsVersion = 15.0;
						TestTargetID = 790A81022AAE19A600283D7E;
					};
				};
			};
			buildConfigurationList = 790A80FE2AAE19A600283D7E /* Build configuration list for PBXProject "TaskWise" */;
			compatibilityVersion = "Xcode 14.0";
			developmentRegion = en;
			hasScannedForEncodings = 0;
			knownRegions = (
				en,
				Base,
			);
			mainGroup = 790A80FA2AAE19A600283D7E;
			productRefGroup = 790A81042AAE19A700283D7E /* Products */;
			projectDirPath = "";
			projectRoot = "";
			targets = (
				790A81022AAE19A600283D7E /* TaskWise */,
				790A81122AAE19A700283D7E /* TaskWiseTests */,
				790A811C2AAE19A700283D7E /* TaskWiseUITests */,
			);
		};
/* End PBXProject section */

/* Begin PBXResourcesBuildPhase section */
		790A81012AAE19A600283D7E /* Resources */ = {
			isa = PBXResourcesBuildPhase;
			buildActionMask = 2147483647;
			files = (
				790A810E2AAE19A700283D7E /* Preview Assets.xcassets in Resources */,
				790A810B2AAE19A700283D7E /* Assets.xcassets in Resources */,
				790A81332AAE285A00283D7E /* Localizable.xcstrings in Resources */,
			);
			runOnlyForDeploymentPostprocessing = 0;
		};
		790A81112AAE19A700283D7E /* Resources */ = {
			isa = PBXResourcesBuildPhase;
			buildActionMask = 2147483647;
			files = (
			);
			runOnlyForDeploymentPostprocessing = 0;
		};
		790A811B2AAE19A700283D7E /* Resources */ = {
			isa = PBXResourcesBuildPhase;
			buildActionMask = 2147483647;
			files = (
			);
			runOnlyForDeploymentPostprocessing = 0;
		};
/* End PBXResourcesBuildPhase section */

/* Begin PBXShellScriptBuildPhase section */
		1B6ACB8A8EAA192F86738476 /* [CP] Embed Pods Frameworks */ = {
			isa = PBXShellScriptBuildPhase;
			buildActionMask = 2147483647;
			files = (
			);
			inputFileListPaths = (
				"${PODS_ROOT}/Target Support Files/Pods-TaskWise/Pods-TaskWise-frameworks-${CONFIGURATION}-input-files.xcfilelist",
			);
			name = "[CP] Embed Pods Frameworks";
			outputFileListPaths = (
				"${PODS_ROOT}/Target Support Files/Pods-TaskWise/Pods-TaskWise-frameworks-${CONFIGURATION}-output-files.xcfilelist",
			);
			runOnlyForDeploymentPostprocessing = 0;
			shellPath = /bin/sh;
			shellScript = "\"${PODS_ROOT}/Target Support Files/Pods-TaskWise/Pods-TaskWise-frameworks.sh\"\n";
			showEnvVarsInLog = 0;
		};
		3CC7A2FEB40B39D088A243F9 /* [CP] Check Pods Manifest.lock */ = {
			isa = PBXShellScriptBuildPhase;
			buildActionMask = 2147483647;
			files = (
			);
			inputFileListPaths = (
			);
			inputPaths = (
				"${PODS_PODFILE_DIR_PATH}/Podfile.lock",
				"${PODS_ROOT}/Manifest.lock",
			);
			name = "[CP] Check Pods Manifest.lock";
			outputFileListPaths = (
			);
			outputPaths = (
				"$(DERIVED_FILE_DIR)/Pods-TaskWise-checkManifestLockResult.txt",
			);
			runOnlyForDeploymentPostprocessing = 0;
			shellPath = /bin/sh;
			shellScript = "diff \"${PODS_PODFILE_DIR_PATH}/Podfile.lock\" \"${PODS_ROOT}/Manifest.lock\" > /dev/null\nif [ $? != 0 ] ; then\n    # print error to STDERR\n    echo \"error: The sandbox is not in sync with the Podfile.lock. Run 'pod install' or update your CocoaPods installation.\" >&2\n    exit 1\nfi\n# This output is used by Xcode 'outputs' to avoid re-running this script phase.\necho \"SUCCESS\" > \"${SCRIPT_OUTPUT_FILE_0}\"\n";
			showEnvVarsInLog = 0;
		};
		790A81302AAE223900283D7E /* SwiftLint */ = {
			isa = PBXShellScriptBuildPhase;
			alwaysOutOfDate = 1;
			buildActionMask = 2147483647;
			files = (
			);
			inputFileListPaths = (
			);
			inputPaths = (
			);
			name = SwiftLint;
			outputFileListPaths = (
			);
			outputPaths = (
			);
			runOnlyForDeploymentPostprocessing = 0;
			shellPath = /bin/sh;
			shellScript = "\"${PODS_ROOT}/SwiftLint/swiftlint\"\n";
		};
		790A81352AAE2BF100283D7E /* SwiftGen */ = {
			isa = PBXShellScriptBuildPhase;
			alwaysOutOfDate = 1;
			buildActionMask = 2147483647;
			files = (
			);
			inputFileListPaths = (
			);
			inputPaths = (
			);
			name = SwiftGen;
			outputFileListPaths = (
			);
			outputPaths = (
			);
			runOnlyForDeploymentPostprocessing = 0;
			shellPath = /bin/sh;
			shellScript = "if [[ -f \"${PODS_ROOT}/SwiftGen/bin/swiftgen\" ]]; then\n  \"${PODS_ROOT}/SwiftGen/bin/swiftgen\"\nelse\n  echo \"warning: SwiftGen is not installed. Run 'pod install --repo-update' to install it.\"\nfi\n";
		};
		80CA417FE7CAA5314BE9DC95 /* [CP] Check Pods Manifest.lock */ = {
			isa = PBXShellScriptBuildPhase;
			buildActionMask = 2147483647;
			files = (
			);
			inputFileListPaths = (
			);
			inputPaths = (
				"${PODS_PODFILE_DIR_PATH}/Podfile.lock",
				"${PODS_ROOT}/Manifest.lock",
			);
			name = "[CP] Check Pods Manifest.lock";
			outputFileListPaths = (
			);
			outputPaths = (
				"$(DERIVED_FILE_DIR)/Pods-TaskWiseTests-checkManifestLockResult.txt",
			);
			runOnlyForDeploymentPostprocessing = 0;
			shellPath = /bin/sh;
			shellScript = "diff \"${PODS_PODFILE_DIR_PATH}/Podfile.lock\" \"${PODS_ROOT}/Manifest.lock\" > /dev/null\nif [ $? != 0 ] ; then\n    # print error to STDERR\n    echo \"error: The sandbox is not in sync with the Podfile.lock. Run 'pod install' or update your CocoaPods installation.\" >&2\n    exit 1\nfi\n# This output is used by Xcode 'outputs' to avoid re-running this script phase.\necho \"SUCCESS\" > \"${SCRIPT_OUTPUT_FILE_0}\"\n";
			showEnvVarsInLog = 0;
		};
/* End PBXShellScriptBuildPhase section */

/* Begin PBXSourcesBuildPhase section */
		790A80FF2AAE19A600283D7E /* Sources */ = {
			isa = PBXSourcesBuildPhase;
			buildActionMask = 2147483647;
			files = (
				7988A0332AAE307E00C63265 /* Localized.swift in Sources */,
				797CA04C2AD301CB0093632D /* Priority+Defaults.swift in Sources */,
				797CA04A2AD301960093632D /* TaskColumn+Mock.swift in Sources */,
				79EAF75F2AB9EC3D00FC05BE /* View+Extensions.swift in Sources */,
				79D9835F2ACC9285002A8222 /* AddTaskView.swift in Sources */,
				798B08CE2AB85C9600311D93 /* SettingsView.swift in Sources */,
				798B08CC2AB85C8400311D93 /* DayView.swift in Sources */,
				798B08BD2AB8525500311D93 /* ContentScreen.swift in Sources */,
				798B08B92AB8522D00311D93 /* ContentCoordinator.swift in Sources */,
				79616F482AC5CD4000F4A95C /* CloudItem.swift in Sources */,
				797CA0402AD300D00093632D /* Category+Defaults.swift in Sources */,
				79C16F4D2ABB4FDB00BA362B /* CheckBoxStyle.swift in Sources */,
				7988A04E2AAE362400C63265 /* String+Extensions.swift in Sources */,
				79D9835D2ACC9260002A8222 /* AddTaskViewModel.swift in Sources */,
				799D48E32ABC394400C149E3 /* CalendarViewModel+Mock.swift in Sources */,
				792155202AB9E8450044CDED /* IconButton.swift in Sources */,
				79C16F4F2ABB5C6B00BA362B /* CalendarViewModel.swift in Sources */,
				797CA0442AD301120093632D /* Category+Mock.swift in Sources */,
				798B08BB2AB8524800311D93 /* ContentSceneFactory.swift in Sources */,
				7988A04F2AAE362400C63265 /* CGFloat+Extensions.swift in Sources */,
				7988A03C2AAE35C200C63265 /* SceneFactory.swift in Sources */,
				7988A02C2AAE2EAC00C63265 /* DI.swift in Sources */,
				790A81072AAE19A700283D7E /* TaskWiseApp.swift in Sources */,
				795CC8EE2ABAF63B0093C4BC /* TaskViewModel.swift in Sources */,
				798B08CA2AB85C6A00311D93 /* DashboardView.swift in Sources */,
				797CA04E2AD301E30093632D /* Priority+Mock.swift in Sources */,
				797CA0502AD301F00093632D /* Task+Mock.swift in Sources */,
				798B08C82AB85C5000311D93 /* CalendarView.swift in Sources */,
				7988A03D2AAE35C200C63265 /* Navigator.swift in Sources */,
				798B08D02AB85CAB00311D93 /* TaskView.swift in Sources */,
				7981E4C92AC88B0500A76001 /* Priority.swift in Sources */,
				79D983612ACC934D002A8222 /* AddTaskViewModel+Mock.swift in Sources */,
				791F0D0B2ABCA89100B7F408 /* DayViewModel+Mock.swift in Sources */,
				792155142AB9DB9F0044CDED /* DashboardViewModel.swift in Sources */,
				7988A03E2AAE35C200C63265 /* Coordinator.swift in Sources */,
				795CC8EC2ABAF28A0093C4BC /* SettingsViewModel+Mock.swift in Sources */,
				7981E4D32AC8934E00A76001 /* TaskColumn.swift in Sources */,
				7988A0512AAE362400C63265 /* PassthroughSubject+Extensions.swift in Sources */,
				7981E4CF2AC88B6A00A76001 /* TaskStep.swift in Sources */,
				79616F4A2AC5CE0000F4A95C /* CloudError.swift in Sources */,
				7988A0502AAE362400C63265 /* Double+Extensions.swift in Sources */,
				7988A0412AAE35F600C63265 /* NetworkMonitor.swift in Sources */,
				791F0D092ABCA6AA00B7F408 /* DayViewModel.swift in Sources */,
				79616F4C2AC5CE7700F4A95C /* CloudKitHandler.swift in Sources */,
				7988A03F2AAE35C200C63265 /* Screen.swift in Sources */,
				797CA0462AD3014E0093632D /* ColorComponents+Mock.swift in Sources */,
				7988A04C2AAE362400C63265 /* Image+Extensions.swift in Sources */,
				795CC8F02ABAF8F70093C4BC /* TaskViewModel+Mock.swift in Sources */,
				7988A04D2AAE362400C63265 /* Publisher+Extensions.swift in Sources */,
				792155172AB9DD710044CDED /* DashboardViewModel+Mock.swift in Sources */,
				7988A04B2AAE362400C63265 /* Int+Extensions.swift in Sources */,
				79616F502AC5CFED00F4A95C /* Task.swift in Sources */,
				797CA0482AD3017B0093632D /* TaskColumn+Defaults.swift in Sources */,
				7981E4CD2AC88B4400A76001 /* ColorComponents.swift in Sources */,
				795CC8EA2ABAEF3B0093C4BC /* SettingsViewModel.swift in Sources */,
				7981E4CB2AC88B2500A76001 /* Category.swift in Sources */,
			);
			runOnlyForDeploymentPostprocessing = 0;
		};
		790A810F2AAE19A700283D7E /* Sources */ = {
			isa = PBXSourcesBuildPhase;
			buildActionMask = 2147483647;
			files = (
				790A81182AAE19A700283D7E /* TaskWiseTests.swift in Sources */,
			);
			runOnlyForDeploymentPostprocessing = 0;
		};
		790A81192AAE19A700283D7E /* Sources */ = {
			isa = PBXSourcesBuildPhase;
			buildActionMask = 2147483647;
			files = (
				790A81222AAE19A700283D7E /* TaskWiseUITests.swift in Sources */,
			);
			runOnlyForDeploymentPostprocessing = 0;
		};
/* End PBXSourcesBuildPhase section */

/* Begin PBXTargetDependency section */
		790A81152AAE19A700283D7E /* PBXTargetDependency */ = {
			isa = PBXTargetDependency;
			target = 790A81022AAE19A600283D7E /* TaskWise */;
			targetProxy = 790A81142AAE19A700283D7E /* PBXContainerItemProxy */;
		};
		790A811F2AAE19A700283D7E /* PBXTargetDependency */ = {
			isa = PBXTargetDependency;
			target = 790A81022AAE19A600283D7E /* TaskWise */;
			targetProxy = 790A811E2AAE19A700283D7E /* PBXContainerItemProxy */;
		};
/* End PBXTargetDependency section */

/* Begin XCBuildConfiguration section */
		790A81252AAE19A700283D7E /* Debug */ = {
			isa = XCBuildConfiguration;
			buildSettings = {
				ALWAYS_SEARCH_USER_PATHS = NO;
				ASSETCATALOG_COMPILER_GENERATE_SWIFT_ASSET_SYMBOL_EXTENSIONS = YES;
				CLANG_ANALYZER_NONNULL = YES;
				CLANG_ANALYZER_NUMBER_OBJECT_CONVERSION = YES_AGGRESSIVE;
				CLANG_CXX_LANGUAGE_STANDARD = "gnu++20";
				CLANG_ENABLE_MODULES = YES;
				CLANG_ENABLE_OBJC_ARC = YES;
				CLANG_ENABLE_OBJC_WEAK = YES;
				CLANG_WARN_BLOCK_CAPTURE_AUTORELEASING = YES;
				CLANG_WARN_BOOL_CONVERSION = YES;
				CLANG_WARN_COMMA = YES;
				CLANG_WARN_CONSTANT_CONVERSION = YES;
				CLANG_WARN_DEPRECATED_OBJC_IMPLEMENTATIONS = YES;
				CLANG_WARN_DIRECT_OBJC_ISA_USAGE = YES_ERROR;
				CLANG_WARN_DOCUMENTATION_COMMENTS = YES;
				CLANG_WARN_EMPTY_BODY = YES;
				CLANG_WARN_ENUM_CONVERSION = YES;
				CLANG_WARN_INFINITE_RECURSION = YES;
				CLANG_WARN_INT_CONVERSION = YES;
				CLANG_WARN_NON_LITERAL_NULL_CONVERSION = YES;
				CLANG_WARN_OBJC_IMPLICIT_RETAIN_SELF = YES;
				CLANG_WARN_OBJC_LITERAL_CONVERSION = YES;
				CLANG_WARN_OBJC_ROOT_CLASS = YES_ERROR;
				CLANG_WARN_QUOTED_INCLUDE_IN_FRAMEWORK_HEADER = YES;
				CLANG_WARN_RANGE_LOOP_ANALYSIS = YES;
				CLANG_WARN_STRICT_PROTOTYPES = YES;
				CLANG_WARN_SUSPICIOUS_MOVE = YES;
				CLANG_WARN_UNGUARDED_AVAILABILITY = YES_AGGRESSIVE;
				CLANG_WARN_UNREACHABLE_CODE = YES;
				CLANG_WARN__DUPLICATE_METHOD_MATCH = YES;
				COPY_PHASE_STRIP = NO;
				DEBUG_INFORMATION_FORMAT = dwarf;
				ENABLE_STRICT_OBJC_MSGSEND = YES;
				ENABLE_TESTABILITY = YES;
				ENABLE_USER_SCRIPT_SANDBOXING = NO;
				GCC_C_LANGUAGE_STANDARD = gnu17;
				GCC_DYNAMIC_NO_PIC = NO;
				GCC_NO_COMMON_BLOCKS = YES;
				GCC_OPTIMIZATION_LEVEL = 0;
				GCC_PREPROCESSOR_DEFINITIONS = (
					"DEBUG=1",
					"$(inherited)",
				);
				GCC_WARN_64_TO_32_BIT_CONVERSION = YES;
				GCC_WARN_ABOUT_RETURN_TYPE = YES_ERROR;
				GCC_WARN_UNDECLARED_SELECTOR = YES;
				GCC_WARN_UNINITIALIZED_AUTOS = YES_AGGRESSIVE;
				GCC_WARN_UNUSED_FUNCTION = YES;
				GCC_WARN_UNUSED_VARIABLE = YES;
				IPHONEOS_DEPLOYMENT_TARGET = 17.0;
				LOCALIZATION_PREFERS_STRING_CATALOGS = NO;
				LOCALIZED_STRING_SWIFTUI_SUPPORT = NO;
				MTL_ENABLE_DEBUG_INFO = INCLUDE_SOURCE;
				MTL_FAST_MATH = YES;
				ONLY_ACTIVE_ARCH = YES;
				SDKROOT = iphoneos;
				SWIFT_ACTIVE_COMPILATION_CONDITIONS = "DEBUG $(inherited)";
				SWIFT_OPTIMIZATION_LEVEL = "-Onone";
			};
			name = Debug;
		};
		790A81262AAE19A700283D7E /* Release */ = {
			isa = XCBuildConfiguration;
			buildSettings = {
				ALWAYS_SEARCH_USER_PATHS = NO;
				ASSETCATALOG_COMPILER_GENERATE_SWIFT_ASSET_SYMBOL_EXTENSIONS = YES;
				CLANG_ANALYZER_NONNULL = YES;
				CLANG_ANALYZER_NUMBER_OBJECT_CONVERSION = YES_AGGRESSIVE;
				CLANG_CXX_LANGUAGE_STANDARD = "gnu++20";
				CLANG_ENABLE_MODULES = YES;
				CLANG_ENABLE_OBJC_ARC = YES;
				CLANG_ENABLE_OBJC_WEAK = YES;
				CLANG_WARN_BLOCK_CAPTURE_AUTORELEASING = YES;
				CLANG_WARN_BOOL_CONVERSION = YES;
				CLANG_WARN_COMMA = YES;
				CLANG_WARN_CONSTANT_CONVERSION = YES;
				CLANG_WARN_DEPRECATED_OBJC_IMPLEMENTATIONS = YES;
				CLANG_WARN_DIRECT_OBJC_ISA_USAGE = YES_ERROR;
				CLANG_WARN_DOCUMENTATION_COMMENTS = YES;
				CLANG_WARN_EMPTY_BODY = YES;
				CLANG_WARN_ENUM_CONVERSION = YES;
				CLANG_WARN_INFINITE_RECURSION = YES;
				CLANG_WARN_INT_CONVERSION = YES;
				CLANG_WARN_NON_LITERAL_NULL_CONVERSION = YES;
				CLANG_WARN_OBJC_IMPLICIT_RETAIN_SELF = YES;
				CLANG_WARN_OBJC_LITERAL_CONVERSION = YES;
				CLANG_WARN_OBJC_ROOT_CLASS = YES_ERROR;
				CLANG_WARN_QUOTED_INCLUDE_IN_FRAMEWORK_HEADER = YES;
				CLANG_WARN_RANGE_LOOP_ANALYSIS = YES;
				CLANG_WARN_STRICT_PROTOTYPES = YES;
				CLANG_WARN_SUSPICIOUS_MOVE = YES;
				CLANG_WARN_UNGUARDED_AVAILABILITY = YES_AGGRESSIVE;
				CLANG_WARN_UNREACHABLE_CODE = YES;
				CLANG_WARN__DUPLICATE_METHOD_MATCH = YES;
				COPY_PHASE_STRIP = NO;
				DEBUG_INFORMATION_FORMAT = "dwarf-with-dsym";
				ENABLE_NS_ASSERTIONS = NO;
				ENABLE_STRICT_OBJC_MSGSEND = YES;
				ENABLE_USER_SCRIPT_SANDBOXING = NO;
				GCC_C_LANGUAGE_STANDARD = gnu17;
				GCC_NO_COMMON_BLOCKS = YES;
				GCC_WARN_64_TO_32_BIT_CONVERSION = YES;
				GCC_WARN_ABOUT_RETURN_TYPE = YES_ERROR;
				GCC_WARN_UNDECLARED_SELECTOR = YES;
				GCC_WARN_UNINITIALIZED_AUTOS = YES_AGGRESSIVE;
				GCC_WARN_UNUSED_FUNCTION = YES;
				GCC_WARN_UNUSED_VARIABLE = YES;
				IPHONEOS_DEPLOYMENT_TARGET = 17.0;
				LOCALIZATION_PREFERS_STRING_CATALOGS = NO;
				LOCALIZED_STRING_SWIFTUI_SUPPORT = NO;
				MTL_ENABLE_DEBUG_INFO = NO;
				MTL_FAST_MATH = YES;
				SDKROOT = iphoneos;
				SWIFT_COMPILATION_MODE = wholemodule;
				VALIDATE_PRODUCT = YES;
			};
			name = Release;
		};
		790A81282AAE19A700283D7E /* Debug */ = {
			isa = XCBuildConfiguration;
			baseConfigurationReference = 91C2B2216449795E4EF13BE8 /* Pods-TaskWise.debug.xcconfig */;
			buildSettings = {
				ASSETCATALOG_COMPILER_APPICON_NAME = AppIcon;
				ASSETCATALOG_COMPILER_GLOBAL_ACCENT_COLOR_NAME = AccentColor;
				CODE_SIGN_ENTITLEMENTS = TaskWise/TaskWise.entitlements;
				CODE_SIGN_STYLE = Automatic;
				CURRENT_PROJECT_VERSION = 1;
				DEVELOPMENT_ASSET_PATHS = "\"TaskWise/Preview Content\"";
				DEVELOPMENT_TEAM = 2D3N9A382G;
				ENABLE_PREVIEWS = YES;
				GENERATE_INFOPLIST_FILE = YES;
				INFOPLIST_FILE = TaskWise/Info.plist;
				INFOPLIST_KEY_UIApplicationSceneManifest_Generation = YES;
				INFOPLIST_KEY_UIApplicationSupportsIndirectInputEvents = YES;
				INFOPLIST_KEY_UILaunchScreen_Generation = YES;
				INFOPLIST_KEY_UISupportedInterfaceOrientations_iPad = "UIInterfaceOrientationPortrait UIInterfaceOrientationPortraitUpsideDown UIInterfaceOrientationLandscapeLeft UIInterfaceOrientationLandscapeRight";
				INFOPLIST_KEY_UISupportedInterfaceOrientations_iPhone = "UIInterfaceOrientationPortrait UIInterfaceOrientationLandscapeLeft UIInterfaceOrientationLandscapeRight";
				LD_RUNPATH_SEARCH_PATHS = (
					"$(inherited)",
					"@executable_path/Frameworks",
				);
				MARKETING_VERSION = 1.0;
				PRODUCT_BUNDLE_IDENTIFIER = me.bercidalnoky.TaskWise;
				PRODUCT_NAME = "$(TARGET_NAME)";
				SWIFT_EMIT_LOC_STRINGS = NO;
				SWIFT_VERSION = 5.0;
				TARGETED_DEVICE_FAMILY = "1,2";
			};
			name = Debug;
		};
		790A81292AAE19A700283D7E /* Release */ = {
			isa = XCBuildConfiguration;
			baseConfigurationReference = A9790524961B82E82E6F6AD5 /* Pods-TaskWise.release.xcconfig */;
			buildSettings = {
				ASSETCATALOG_COMPILER_APPICON_NAME = AppIcon;
				ASSETCATALOG_COMPILER_GLOBAL_ACCENT_COLOR_NAME = AccentColor;
				CODE_SIGN_ENTITLEMENTS = TaskWise/TaskWise.entitlements;
				CODE_SIGN_STYLE = Automatic;
				CURRENT_PROJECT_VERSION = 1;
				DEVELOPMENT_ASSET_PATHS = "\"TaskWise/Preview Content\"";
				DEVELOPMENT_TEAM = 2D3N9A382G;
				ENABLE_PREVIEWS = YES;
				GENERATE_INFOPLIST_FILE = YES;
				INFOPLIST_FILE = TaskWise/Info.plist;
				INFOPLIST_KEY_UIApplicationSceneManifest_Generation = YES;
				INFOPLIST_KEY_UIApplicationSupportsIndirectInputEvents = YES;
				INFOPLIST_KEY_UILaunchScreen_Generation = YES;
				INFOPLIST_KEY_UISupportedInterfaceOrientations_iPad = "UIInterfaceOrientationPortrait UIInterfaceOrientationPortraitUpsideDown UIInterfaceOrientationLandscapeLeft UIInterfaceOrientationLandscapeRight";
				INFOPLIST_KEY_UISupportedInterfaceOrientations_iPhone = "UIInterfaceOrientationPortrait UIInterfaceOrientationLandscapeLeft UIInterfaceOrientationLandscapeRight";
				LD_RUNPATH_SEARCH_PATHS = (
					"$(inherited)",
					"@executable_path/Frameworks",
				);
				MARKETING_VERSION = 1.0;
				PRODUCT_BUNDLE_IDENTIFIER = me.bercidalnoky.TaskWise;
				PRODUCT_NAME = "$(TARGET_NAME)";
				SWIFT_EMIT_LOC_STRINGS = NO;
				SWIFT_VERSION = 5.0;
				TARGETED_DEVICE_FAMILY = "1,2";
			};
			name = Release;
		};
		790A812B2AAE19A700283D7E /* Debug */ = {
			isa = XCBuildConfiguration;
			baseConfigurationReference = 982159FDF24FAD927584113A /* Pods-TaskWiseTests.debug.xcconfig */;
			buildSettings = {
				ALWAYS_EMBED_SWIFT_STANDARD_LIBRARIES = YES;
				BUNDLE_LOADER = "$(TEST_HOST)";
				CODE_SIGN_STYLE = Automatic;
				CURRENT_PROJECT_VERSION = 1;
				DEVELOPMENT_TEAM = 2D3N9A382G;
				GENERATE_INFOPLIST_FILE = YES;
				IPHONEOS_DEPLOYMENT_TARGET = 17.0;
				MARKETING_VERSION = 1.0;
				PRODUCT_BUNDLE_IDENTIFIER = me.bercidalnoky.TaskWiseTests;
				PRODUCT_NAME = "$(TARGET_NAME)";
				SWIFT_EMIT_LOC_STRINGS = NO;
				SWIFT_VERSION = 5.0;
				TARGETED_DEVICE_FAMILY = "1,2";
				TEST_HOST = "$(BUILT_PRODUCTS_DIR)/TaskWise.app/$(BUNDLE_EXECUTABLE_FOLDER_PATH)/TaskWise";
			};
			name = Debug;
		};
		790A812C2AAE19A700283D7E /* Release */ = {
			isa = XCBuildConfiguration;
			baseConfigurationReference = E56C80BB80154BCA4A77A454 /* Pods-TaskWiseTests.release.xcconfig */;
			buildSettings = {
				ALWAYS_EMBED_SWIFT_STANDARD_LIBRARIES = YES;
				BUNDLE_LOADER = "$(TEST_HOST)";
				CODE_SIGN_STYLE = Automatic;
				CURRENT_PROJECT_VERSION = 1;
				DEVELOPMENT_TEAM = 2D3N9A382G;
				GENERATE_INFOPLIST_FILE = YES;
				IPHONEOS_DEPLOYMENT_TARGET = 17.0;
				MARKETING_VERSION = 1.0;
				PRODUCT_BUNDLE_IDENTIFIER = me.bercidalnoky.TaskWiseTests;
				PRODUCT_NAME = "$(TARGET_NAME)";
				SWIFT_EMIT_LOC_STRINGS = NO;
				SWIFT_VERSION = 5.0;
				TARGETED_DEVICE_FAMILY = "1,2";
				TEST_HOST = "$(BUILT_PRODUCTS_DIR)/TaskWise.app/$(BUNDLE_EXECUTABLE_FOLDER_PATH)/TaskWise";
			};
			name = Release;
		};
		790A812E2AAE19A700283D7E /* Debug */ = {
			isa = XCBuildConfiguration;
			buildSettings = {
				ALWAYS_EMBED_SWIFT_STANDARD_LIBRARIES = YES;
				CODE_SIGN_STYLE = Automatic;
				CURRENT_PROJECT_VERSION = 1;
				DEVELOPMENT_TEAM = 2D3N9A382G;
				GENERATE_INFOPLIST_FILE = YES;
				MARKETING_VERSION = 1.0;
				PRODUCT_BUNDLE_IDENTIFIER = me.bercidalnoky.TaskWiseUITests;
				PRODUCT_NAME = "$(TARGET_NAME)";
				SWIFT_EMIT_LOC_STRINGS = NO;
				SWIFT_VERSION = 5.0;
				TARGETED_DEVICE_FAMILY = "1,2";
				TEST_TARGET_NAME = TaskWise;
			};
			name = Debug;
		};
		790A812F2AAE19A700283D7E /* Release */ = {
			isa = XCBuildConfiguration;
			buildSettings = {
				ALWAYS_EMBED_SWIFT_STANDARD_LIBRARIES = YES;
				CODE_SIGN_STYLE = Automatic;
				CURRENT_PROJECT_VERSION = 1;
				DEVELOPMENT_TEAM = 2D3N9A382G;
				GENERATE_INFOPLIST_FILE = YES;
				MARKETING_VERSION = 1.0;
				PRODUCT_BUNDLE_IDENTIFIER = me.bercidalnoky.TaskWiseUITests;
				PRODUCT_NAME = "$(TARGET_NAME)";
				SWIFT_EMIT_LOC_STRINGS = NO;
				SWIFT_VERSION = 5.0;
				TARGETED_DEVICE_FAMILY = "1,2";
				TEST_TARGET_NAME = TaskWise;
			};
			name = Release;
		};
/* End XCBuildConfiguration section */

/* Begin XCConfigurationList section */
		790A80FE2AAE19A600283D7E /* Build configuration list for PBXProject "TaskWise" */ = {
			isa = XCConfigurationList;
			buildConfigurations = (
				790A81252AAE19A700283D7E /* Debug */,
				790A81262AAE19A700283D7E /* Release */,
			);
			defaultConfigurationIsVisible = 0;
			defaultConfigurationName = Release;
		};
		790A81272AAE19A700283D7E /* Build configuration list for PBXNativeTarget "TaskWise" */ = {
			isa = XCConfigurationList;
			buildConfigurations = (
				790A81282AAE19A700283D7E /* Debug */,
				790A81292AAE19A700283D7E /* Release */,
			);
			defaultConfigurationIsVisible = 0;
			defaultConfigurationName = Release;
		};
		790A812A2AAE19A700283D7E /* Build configuration list for PBXNativeTarget "TaskWiseTests" */ = {
			isa = XCConfigurationList;
			buildConfigurations = (
				790A812B2AAE19A700283D7E /* Debug */,
				790A812C2AAE19A700283D7E /* Release */,
			);
			defaultConfigurationIsVisible = 0;
			defaultConfigurationName = Release;
		};
		790A812D2AAE19A700283D7E /* Build configuration list for PBXNativeTarget "TaskWiseUITests" */ = {
			isa = XCConfigurationList;
			buildConfigurations = (
				790A812E2AAE19A700283D7E /* Debug */,
				790A812F2AAE19A700283D7E /* Release */,
			);
			defaultConfigurationIsVisible = 0;
			defaultConfigurationName = Release;
		};
/* End XCConfigurationList section */
	};
	rootObject = 790A80FB2AAE19A600283D7E /* Project object */;
}
